
Microsoft Visual Studio Solution File, Format Version 12.00
# Visual Studio Version 16
VisualStudioVersion = 16.0.30204.135
MinimumVisualStudioVersion = 10.0.40219.1
Project("{F184B08F-C81C-45F6-A57F-5ABD9991F28F}") = "OperadorOr", "OperadorOr\OperadorOr.vbproj", "{AFE49074-9103-47A3-B0D0-241F4BAF6105}"
EndProject
Global
	GlobalSection(SolutionConfigurationPlatforms) = preSolution
		Debug|Any CPU = Debug|Any CPU
		Release|Any CPU = Release|Any CPU
	EndGlobalSection
	GlobalSection(ProjectConfigurationPlatforms) = postSolution
		{AFE49074-9103-47A3-B0D0-241F4BAF6105}.Debug|Any CPU.ActiveCfg = Debug|Any CPU
		{AFE49074-9103-47A3-B0D0-241F4BAF6105}.Debug|Any CPU.Build.0 = Debug|Any CPU
		{AFE49074-9103-47A3-B0D0-241F4BAF6105}.Release|Any CPU.ActiveCfg = Release|Any CPU
		{AFE49074-9103-47A3-B0D0-241F4BAF6105}.Release|Any CPU.Build.0 = Release|Any CPU
	EndGlobalSection
	GlobalSection(SolutionProperties) = preSolution
		HideSolutionNode = FALSE
	EndGlobalSection
	GlobalSection(ExtensibilityGlobals) = postSolution
		SolutionGuid = {D8F45BE7-3D18-42D1-899F-FC4942881E35}
	EndGlobalSection
EndGlobal
